// !$*UTF8*$!
{
	archiveVersion = 1;
	classes = {
	};
	objectVersion = 56;
	objects = {

/* Begin PBXBuildFile section */
		8BED19C42A30C29800CE1554 /* NoteSwiftDataApp.swift in Sources */ = {isa = PBXBuildFile; fileRef = 8BED19C32A30C29800CE1554 /* NoteSwiftDataApp.swift */; };
		8BED19C62A30C29800CE1554 /* ContentView.swift in Sources */ = {isa = PBXBuildFile; fileRef = 8BED19C52A30C29800CE1554 /* ContentView.swift */; };
		8BED19C82A30C29800CE1554 /* Assets.xcassets in Resources */ = {isa = PBXBuildFile; fileRef = 8BED19C72A30C29800CE1554 /* Assets.xcassets */; };
		8BED19CB2A30C29800CE1554 /* Preview Assets.xcassets in Resources */ = {isa = PBXBuildFile; fileRef = 8BED19CA2A30C29800CE1554 /* Preview Assets.xcassets */; };
		8BED19D32A30C6F000CE1554 /* Note.swift in Sources */ = {isa = PBXBuildFile; fileRef = 8BED19D22A30C6F000CE1554 /* Note.swift */; };
		8BED19D52A30C74200CE1554 /* Tag.swift in Sources */ = {isa = PBXBuildFile; fileRef = 8BED19D42A30C74200CE1554 /* Tag.swift */; };
		8BED19D82A30C9E000CE1554 /* NoteListView.swift in Sources */ = {isa = PBXBuildFile; fileRef = 8BED19D72A30C9E000CE1554 /* NoteListView.swift */; };
		8BED19DA2A30CD9B00CE1554 /* TagListView.swift in Sources */ = {isa = PBXBuildFile; fileRef = 8BED19D92A30CD9B00CE1554 /* TagListView.swift */; };
		8BED19DC2A30D8B900CE1554 /* Filters.swift in Sources */ = {isa = PBXBuildFile; fileRef = 8BED19DB2A30D8B900CE1554 /* Filters.swift */; };
/* End PBXBuildFile section */

/* Begin PBXFileReference section */
		8BED19C02A30C29800CE1554 /* NoteSwiftData.app */ = {isa = PBXFileReference; explicitFileType = wrapper.application; includeInIndex = 0; path = NoteSwiftData.app; sourceTree = BUILT_PRODUCTS_DIR; };
		8BED19C32A30C29800CE1554 /* NoteSwiftDataApp.swift */ = {isa = PBXFileReference; lastKnownFileType = sourcecode.swift; path = NoteSwiftDataApp.swift; sourceTree = "<group>"; };
		8BED19C52A30C29800CE1554 /* ContentView.swift */ = {isa = PBXFileReference; lastKnownFileType = sourcecode.swift; path = ContentView.swift; sourceTree = "<group>"; };
		8BED19C72A30C29800CE1554 /* Assets.xcassets */ = {isa = PBXFileReference; lastKnownFileType = folder.assetcatalog; path = Assets.xcassets; sourceTree = "<group>"; };
		8BED19CA2A30C29800CE1554 /* Preview Assets.xcassets */ = {isa = PBXFileReference; lastKnownFileType = folder.assetcatalog; path = "Preview Assets.xcassets"; sourceTree = "<group>"; };
		8BED19D22A30C6F000CE1554 /* Note.swift */ = {isa = PBXFileReference; lastKnownFileType = sourcecode.swift; path = Note.swift; sourceTree = "<group>"; };
		8BED19D42A30C74200CE1554 /* Tag.swift */ = {isa = PBXFileReference; lastKnownFileType = sourcecode.swift; path = Tag.swift; sourceTree = "<group>"; };
		8BED19D72A30C9E000CE1554 /* NoteListView.swift */ = {isa = PBXFileReference; lastKnownFileType = sourcecode.swift; path = NoteListView.swift; sourceTree = "<group>"; };
		8BED19D92A30CD9B00CE1554 /* TagListView.swift */ = {isa = PBXFileReference; lastKnownFileType = sourcecode.swift; path = TagListView.swift; sourceTree = "<group>"; };
		8BED19DB2A30D8B900CE1554 /* Filters.swift */ = {isa = PBXFileReference; lastKnownFileType = sourcecode.swift; path = Filters.swift; sourceTree = "<group>"; };
/* End PBXFileReference section */

/* Begin PBXFrameworksBuildPhase section */
		8BED19BD2A30C29800CE1554 /* Frameworks */ = {
			isa = PBXFrameworksBuildPhase;
			buildActionMask = 2147483647;
			files = (
			);
			runOnlyForDeploymentPostprocessing = 0;
		};
/* End PBXFrameworksBuildPhase section */

/* Begin PBXGroup section */
		8BED19B72A30C29800CE1554 = {
			isa = PBXGroup;
			children = (
				8BED19C22A30C29800CE1554 /* NoteSwiftData */,
				8BED19C12A30C29800CE1554 /* Products */,
			);
			sourceTree = "<group>";
		};
		8BED19C12A30C29800CE1554 /* Products */ = {
			isa = PBXGroup;
			children = (
				8BED19C02A30C29800CE1554 /* NoteSwiftData.app */,
			);
			name = Products;
			sourceTree = "<group>";
		};
		8BED19C22A30C29800CE1554 /* NoteSwiftData */ = {
			isa = PBXGroup;
			children = (
				8BED19C32A30C29800CE1554 /* NoteSwiftDataApp.swift */,
				8BED19D62A30C9D300CE1554 /* Views */,
				8BED19D12A30C6E400CE1554 /* Models */,
				8BED19C52A30C29800CE1554 /* ContentView.swift */,
				8BED19C72A30C29800CE1554 /* Assets.xcassets */,
				8BED19C92A30C29800CE1554 /* Preview Content */,
			);
			path = NoteSwiftData;
			sourceTree = "<group>";
		};
		8BED19C92A30C29800CE1554 /* Preview Content */ = {
			isa = PBXGroup;
			children = (
				8BED19CA2A30C29800CE1554 /* Preview Assets.xcassets */,
			);
			path = "Preview Content";
			sourceTree = "<group>";
		};
		8BED19D12A30C6E400CE1554 /* Models */ = {
			isa = PBXGroup;
			children = (
				8BED19D22A30C6F000CE1554 /* Note.swift */,
				8BED19D42A30C74200CE1554 /* Tag.swift */,
				8BED19DB2A30D8B900CE1554 /* Filters.swift */,
			);
			path = Models;
			sourceTree = "<group>";
		};
		8BED19D62A30C9D300CE1554 /* Views */ = {
			isa = PBXGroup;
			children = (
				8BED19D72A30C9E000CE1554 /* NoteListView.swift */,
				8BED19D92A30CD9B00CE1554 /* TagListView.swift */,
			);
			path = Views;
			sourceTree = "<group>";
		};
/* End PBXGroup section */

/* Begin PBXNativeTarget section */
		8BED19BF2A30C29800CE1554 /* NoteSwiftData */ = {
			isa = PBXNativeTarget;
			buildConfigurationList = 8BED19CE2A30C29800CE1554 /* Build configuration list for PBXNativeTarget "NoteSwiftData" */;
			buildPhases = (
				8BED19BC2A30C29800CE1554 /* Sources */,
				8BED19BD2A30C29800CE1554 /* Frameworks */,
				8BED19BE2A30C29800CE1554 /* Resources */,
			);
			buildRules = (
			);
			dependencies = (
			);
			name = NoteSwiftData;
			productName = NoteSwiftData;
			productReference = 8BED19C02A30C29800CE1554 /* NoteSwiftData.app */;
			productType = "com.apple.product-type.application";
		};
/* End PBXNativeTarget section */

/* Begin PBXProject section */
		8BED19B82A30C29800CE1554 /* Project object */ = {
			isa = PBXProject;
			attributes = {
				BuildIndependentTargetsInParallel = 1;
				LastSwiftUpdateCheck = 1500;
				LastUpgradeCheck = 1500;
				TargetAttributes = {
					8BED19BF2A30C29800CE1554 = {
						CreatedOnToolsVersion = 15.0;
					};
				};
			};
			buildConfigurationList = 8BED19BB2A30C29800CE1554 /* Build configuration list for PBXProject "NoteSwiftData" */;
			compatibilityVersion = "Xcode 14.0";
			developmentRegion = en;
			hasScannedForEncodings = 0;
			knownRegions = (
				en,
				Base,
			);
			mainGroup = 8BED19B72A30C29800CE1554;
			productRefGroup = 8BED19C12A30C29800CE1554 /* Products */;
			projectDirPath = "";
			projectRoot = "";
			targets = (
				8BED19BF2A30C29800CE1554 /* NoteSwiftData */,
			);
		};
/* End PBXProject section */

/* Begin PBXResourcesBuildPhase section */
		8BED19BE2A30C29800CE1554 /* Resources */ = {
			isa = PBXResourcesBuildPhase;
			buildActionMask = 2147483647;
			files = (
				8BED19CB2A30C29800CE1554 /* Preview Assets.xcassets in Resources */,
				8BED19C82A30C29800CE1554 /* Assets.xcassets in Resources */,
			);
			runOnlyForDeploymentPostprocessing = 0;
		};
/* End PBXResourcesBuildPhase section */

/* Begin PBXSourcesBuildPhase section */
		8BED19BC2A30C29800CE1554 /* Sources */ = {
			isa = PBXSourcesBuildPhase;
			buildActionMask = 2147483647;
			files = (
				8BED19DC2A30D8B900CE1554 /* Filters.swift in Sources */,
				8BED19D52A30C74200CE1554 /* Tag.swift in Sources */,
				8BED19DA2A30CD9B00CE1554 /* TagListView.swift in Sources */,
				8BED19C62A30C29800CE1554 /* ContentView.swift in Sources */,
				8BED19D82A30C9E000CE1554 /* NoteListView.swift in Sources */,
				8BED19C42A30C29800CE1554 /* NoteSwiftDataApp.swift in Sources */,
				8BED19D32A30C6F000CE1554 /* Note.swift in Sources */,
			);
			runOnlyForDeploymentPostprocessing = 0;
		};
/* End PBXSourcesBuildPhase section */

/* Begin XCBuildConfiguration section */
		8BED19CC2A30C29800CE1554 /* Debug */ = {
			isa = XCBuildConfiguration;
			buildSettings = {
				ALWAYS_SEARCH_USER_PATHS = NO;
				ASSETCATALOG_COMPILER_GENERATE_SWIFT_ASSET_SYMBOL_EXTENSIONS = YES;
				CLANG_ANALYZER_NONNULL = YES;
				CLANG_ANALYZER_NUMBER_OBJECT_CONVERSION = YES_AGGRESSIVE;
				CLANG_CXX_LANGUAGE_STANDARD = "gnu++20";
				CLANG_ENABLE_MODULES = YES;
				CLANG_ENABLE_OBJC_ARC = YES;
				CLANG_ENABLE_OBJC_WEAK = YES;
				CLANG_WARN_BLOCK_CAPTURE_AUTORELEASING = YES;
				CLANG_WARN_BOOL_CONVERSION = YES;
				CLANG_WARN_COMMA = YES;
				CLANG_WARN_CONSTANT_CONVERSION = YES;
				CLANG_WARN_DEPRECATED_OBJC_IMPLEMENTATIONS = YES;
				CLANG_WARN_DIRECT_OBJC_ISA_USAGE = YES_ERROR;
				CLANG_WARN_DOCUMENTATION_COMMENTS = YES;
				CLANG_WARN_EMPTY_BODY = YES;
				CLANG_WARN_ENUM_CONVERSION = YES;
				CLANG_WARN_INFINITE_RECURSION = YES;
				CLANG_WARN_INT_CONVERSION = YES;
				CLANG_WARN_NON_LITERAL_NULL_CONVERSION = YES;
				CLANG_WARN_OBJC_IMPLICIT_RETAIN_SELF = YES;
				CLANG_WARN_OBJC_LITERAL_CONVERSION = YES;
				CLANG_WARN_OBJC_ROOT_CLASS = YES_ERROR;
				CLANG_WARN_QUOTED_INCLUDE_IN_FRAMEWORK_HEADER = YES;
				CLANG_WARN_RANGE_LOOP_ANALYSIS = YES;
				CLANG_WARN_STRICT_PROTOTYPES = YES;
				CLANG_WARN_SUSPICIOUS_MOVE = YES;
				CLANG_WARN_UNGUARDED_AVAILABILITY = YES_AGGRESSIVE;
				CLANG_WARN_UNREACHABLE_CODE = YES;
				CLANG_WARN__DUPLICATE_METHOD_MATCH = YES;
				COPY_PHASE_STRIP = NO;
				DEBUG_INFORMATION_FORMAT = dwarf;
				ENABLE_STRICT_OBJC_MSGSEND = YES;
				ENABLE_TESTABILITY = YES;
				ENABLE_USER_SCRIPT_SANDBOXING = YES;
				GCC_C_LANGUAGE_STANDARD = gnu17;
				GCC_DYNAMIC_NO_PIC = NO;
				GCC_NO_COMMON_BLOCKS = YES;
				GCC_OPTIMIZATION_LEVEL = 0;
				GCC_PREPROCESSOR_DEFINITIONS = (
					"DEBUG=1",
					"$(inherited)",
				);
				GCC_WARN_64_TO_32_BIT_CONVERSION = YES;
				GCC_WARN_ABOUT_RETURN_TYPE = YES_ERROR;
				GCC_WARN_UNDECLARED_SELECTOR = YES;
				GCC_WARN_UNINITIALIZED_AUTOS = YES_AGGRESSIVE;
				GCC_WARN_UNUSED_FUNCTION = YES;
				GCC_WARN_UNUSED_VARIABLE = YES;
				IPHONEOS_DEPLOYMENT_TARGET = 17.0;
				LOCALIZATION_PREFERS_STRING_CATALOGS = YES;
				MTL_ENABLE_DEBUG_INFO = INCLUDE_SOURCE;
				MTL_FAST_MATH = YES;
				ONLY_ACTIVE_ARCH = YES;
				SDKROOT = iphoneos;
				SWIFT_ACTIVE_COMPILATION_CONDITIONS = "DEBUG $(inherited)";
				SWIFT_OPTIMIZATION_LEVEL = "-Onone";
			};
			name = Debug;
		};
		8BED19CD2A30C29800CE1554 /* Release */ = {
			isa = XCBuildConfiguration;
			buildSettings = {
				ALWAYS_SEARCH_USER_PATHS = NO;
				ASSETCATALOG_COMPILER_GENERATE_SWIFT_ASSET_SYMBOL_EXTENSIONS = YES;
				CLANG_ANALYZER_NONNULL = YES;
				CLANG_ANALYZER_NUMBER_OBJECT_CONVERSION = YES_AGGRESSIVE;
				CLANG_CXX_LANGUAGE_STANDARD = "gnu++20";
				CLANG_ENABLE_MODULES = YES;
				CLANG_ENABLE_OBJC_ARC = YES;
				CLANG_ENABLE_OBJC_WEAK = YES;
				CLANG_WARN_BLOCK_CAPTURE_AUTORELEASING = YES;
				CLANG_WARN_BOOL_CONVERSION = YES;
				CLANG_WARN_COMMA = YES;
				CLANG_WARN_CONSTANT_CONVERSION = YES;
				CLANG_WARN_DEPRECATED_OBJC_IMPLEMENTATIONS = YES;
				CLANG_WARN_DIRECT_OBJC_ISA_USAGE = YES_ERROR;
				CLANG_WARN_DOCUMENTATION_COMMENTS = YES;
				CLANG_WARN_EMPTY_BODY = YES;
				CLANG_WARN_ENUM_CONVERSION = YES;
				CLANG_WARN_INFINITE_RECURSION = YES;
				CLANG_WARN_INT_CONVERSION = YES;
				CLANG_WARN_NON_LITERAL_NULL_CONVERSION = YES;
				CLANG_WARN_OBJC_IMPLICIT_RETAIN_SELF = YES;
				CLANG_WARN_OBJC_LITERAL_CONVERSION = YES;
				CLANG_WARN_OBJC_ROOT_CLASS = YES_ERROR;
				CLANG_WARN_QUOTED_INCLUDE_IN_FRAMEWORK_HEADER = YES;
				CLANG_WARN_RANGE_LOOP_ANALYSIS = YES;
				CLANG_WARN_STRICT_PROTOTYPES = YES;
				CLANG_WARN_SUSPICIOUS_MOVE = YES;
				CLANG_WARN_UNGUARDED_AVAILABILITY = YES_AGGRESSIVE;
				CLANG_WARN_UNREACHABLE_CODE = YES;
				CLANG_WARN__DUPLICATE_METHOD_MATCH = YES;
				COPY_PHASE_STRIP = NO;
				DEBUG_INFORMATION_FORMAT = "dwarf-with-dsym";
				ENABLE_NS_ASSERTIONS = NO;
				ENABLE_STRICT_OBJC_MSGSEND = YES;
				ENABLE_USER_SCRIPT_SANDBOXING = YES;
				GCC_C_LANGUAGE_STANDARD = gnu17;
				GCC_NO_COMMON_BLOCKS = YES;
				GCC_WARN_64_TO_32_BIT_CONVERSION = YES;
				GCC_WARN_ABOUT_RETURN_TYPE = YES_ERROR;
				GCC_WARN_UNDECLARED_SELECTOR = YES;
				GCC_WARN_UNINITIALIZED_AUTOS = YES_AGGRESSIVE;
				GCC_WARN_UNUSED_FUNCTION = YES;
				GCC_WARN_UNUSED_VARIABLE = YES;
				IPHONEOS_DEPLOYMENT_TARGET = 17.0;
				LOCALIZATION_PREFERS_STRING_CATALOGS = YES;
				MTL_ENABLE_DEBUG_INFO = NO;
				MTL_FAST_MATH = YES;
				SDKROOT = iphoneos;
				SWIFT_COMPILATION_MODE = wholemodule;
				VALIDATE_PRODUCT = YES;
			};
			name = Release;
		};
		8BED19CF2A30C29800CE1554 /* Debug */ = {
			isa = XCBuildConfiguration;
			buildSettings = {
				ASSETCATALOG_COMPILER_APPICON_NAME = AppIcon;
				ASSETCATALOG_COMPILER_GLOBAL_ACCENT_COLOR_NAME = AccentColor;
				CODE_SIGN_STYLE = Automatic;
				CURRENT_PROJECT_VERSION = 1;
				DEVELOPMENT_ASSET_PATHS = "\"NoteSwiftData/Preview Content\"";
				DEVELOPMENT_TEAM = 5C2XD9H2JS;
				ENABLE_PREVIEWS = YES;
				GENERATE_INFOPLIST_FILE = YES;
				INFOPLIST_KEY_UIApplicationSceneManifest_Generation = YES;
				INFOPLIST_KEY_UIApplicationSupportsIndirectInputEvents = YES;
				INFOPLIST_KEY_UILaunchScreen_Generation = YES;
				INFOPLIST_KEY_UISupportedInterfaceOrientations_iPad = "UIInterfaceOrientationPortrait UIInterfaceOrientationPortraitUpsideDown UIInterfaceOrientationLandscapeLeft UIInterfaceOrientationLandscapeRight";
				INFOPLIST_KEY_UISupportedInterfaceOrientations_iPhone = "UIInterfaceOrientationPortrait UIInterfaceOrientationLandscapeLeft UIInterfaceOrientationLandscapeRight";
				LD_RUNPATH_SEARCH_PATHS = (
					"$(inherited)",
					"@executable_path/Frameworks",
				);
				MARKETING_VERSION = 1.0;
				PRODUCT_BUNDLE_IDENTIFIER = com.alfianlosari.NoteSwiftData;
				PRODUCT_NAME = "$(TARGET_NAME)";
				SWIFT_EMIT_LOC_STRINGS = YES;
				SWIFT_VERSION = 5.0;
				TARGETED_DEVICE_FAMILY = "1,2";
			};
			name = Debug;
		};
		8BED19D02A30C29800CE1554 /* Release */ = {
			isa = XCBuildConfiguration;
			buildSettings = {
				ASSETCATALOG_COMPILER_APPICON_NAME = AppIcon;
				ASSETCATALOG_COMPILER_GLOBAL_ACCENT_COLOR_NAME = AccentColor;
				CODE_SIGN_STYLE = Automatic;
				CURRENT_PROJECT_VERSION = 1;
				DEVELOPMENT_ASSET_PATHS = "\"NoteSwiftData/Preview Content\"";
				DEVELOPMENT_TEAM = 5C2XD9H2JS;
				ENABLE_PREVIEWS = YES;
				GENERATE_INFOPLIST_FILE = YES;
				INFOPLIST_KEY_UIApplicationSceneManifest_Generation = YES;
				INFOPLIST_KEY_UIApplicationSupportsIndirectInputEvents = YES;
				INFOPLIST_KEY_UILaunchScreen_Generation = YES;
				INFOPLIST_KEY_UISupportedInterfaceOrientations_iPad = "UIInterfaceOrientationPortrait UIInterfaceOrientationPortraitUpsideDown UIInterfaceOrientationLandscapeLeft UIInterfaceOrientationLandscapeRight";
				INFOPLIST_KEY_UISupportedInterfaceOrientations_iPhone = "UIInterfaceOrientationPortrait UIInterfaceOrientationLandscapeLeft UIInterfaceOrientationLandscapeRight";
				LD_RUNPATH_SEARCH_PATHS = (
					"$(inherited)",
					"@executable_path/Frameworks",
				);
				MARKETING_VERSION = 1.0;
				PRODUCT_BUNDLE_IDENTIFIER = com.alfianlosari.NoteSwiftData;
				PRODUCT_NAME = "$(TARGET_NAME)";
				SWIFT_EMIT_LOC_STRINGS = YES;
				SWIFT_VERSION = 5.0;
				TARGETED_DEVICE_FAMILY = "1,2";
			};
			name = Release;
		};
/* End XCBuildConfiguration section */

/* Begin XCConfigurationList section */
		8BED19BB2A30C29800CE1554 /* Build configuration list for PBXProject "NoteSwiftData" */ = {
			isa = XCConfigurationList;
			buildConfigurations = (
				8BED19CC2A30C29800CE1554 /* Debug */,
				8BED19CD2A30C29800CE1554 /* Release */,
			);
			defaultConfigurationIsVisible = 0;
			defaultConfigurationName = Release;
		};
		8BED19CE2A30C29800CE1554 /* Build configuration list for PBXNativeTarget "NoteSwiftData" */ = {
			isa = XCConfigurationList;
			buildConfigurations = (
				8BED19CF2A30C29800CE1554 /* Debug */,
				8BED19D02A30C29800CE1554 /* Release */,
			);
			defaultConfigurationIsVisible = 0;
			defaultConfigurationName = Release;
		};
/* End XCConfigurationList section */
	};
	rootObject = 8BED19B82A30C29800CE1554 /* Project object */;
}
